
Microsoft Visual Studio Solution File, Format Version 12.00
# Visual Studio Version 17
VisualStudioVersion = 17.5.33424.131
MinimumVisualStudioVersion = 10.0.40219.1
Project("{FAE04EC0-301F-11D3-BF4B-00C04F79EFBC}") = "Chashtag", "Chashtag\Chashtag.csproj", "{D2C5E9E0-B54A-45B3-A5F0-7AB7E79EF675}"
EndProject
Global
	GlobalSection(SolutionConfigurationPlatforms) = preSolution
		Debug|Any CPU = Debug|Any CPU
		Release|Any CPU = Release|Any CPU
	EndGlobalSection
	GlobalSection(ProjectConfigurationPlatforms) = postSolution
		{D2C5E9E0-B54A-45B3-A5F0-7AB7E79EF675}.Debug|Any CPU.ActiveCfg = Debug|Any CPU
		{D2C5E9E0-B54A-45B3-A5F0-7AB7E79EF675}.Debug|Any CPU.Build.0 = Debug|Any CPU
		{D2C5E9E0-B54A-45B3-A5F0-7AB7E79EF675}.Release|Any CPU.ActiveCfg = Release|Any CPU
		{D2C5E9E0-B54A-45B3-A5F0-7AB7E79EF675}.Release|Any CPU.Build.0 = Release|Any CPU
	EndGlobalSection
	GlobalSection(SolutionProperties) = preSolution
		HideSolutionNode = FALSE
	EndGlobalSection
	GlobalSection(ExtensibilityGlobals) = postSolution
		SolutionGuid = {5CDF9B2C-D47F-4F95-AF08-DC3A4CE4313F}
	EndGlobalSection
EndGlobal
